// !$*UTF8*$!
{
	archiveVersion = 1;
	classes = {
	};
	objectVersion = 46;
	objects = {

/* Begin PBXBuildFile section */
		144EE21B1F39AA4900F52043 /* AppDelegate.swift in Sources */ = {isa = PBXBuildFile; fileRef = 144EE21A1F39AA4900F52043 /* AppDelegate.swift */; };
		144EE21D1F39AA4900F52043 /* ViewController.swift in Sources */ = {isa = PBXBuildFile; fileRef = 144EE21C1F39AA4900F52043 /* ViewController.swift */; };
		144EE2201F39AA4900F52043 /* Main.storyboard in Resources */ = {isa = PBXBuildFile; fileRef = 144EE21E1F39AA4900F52043 /* Main.storyboard */; };
		144EE2221F39AA4900F52043 /* Assets.xcassets in Resources */ = {isa = PBXBuildFile; fileRef = 144EE2211F39AA4900F52043 /* Assets.xcassets */; };
		144EE2251F39AA4900F52043 /* LaunchScreen.storyboard in Resources */ = {isa = PBXBuildFile; fileRef = 144EE2231F39AA4900F52043 /* LaunchScreen.storyboard */; };
		144EE2301F39AA4900F52043 /* NetPicturesTests.swift in Sources */ = {isa = PBXBuildFile; fileRef = 144EE22F1F39AA4900F52043 /* NetPicturesTests.swift */; };
		144EE23B1F39AA4900F52043 /* NetPicturesUITests.swift in Sources */ = {isa = PBXBuildFile; fileRef = 144EE23A1F39AA4900F52043 /* NetPicturesUITests.swift */; };
		144EE2491F39B00F00F52043 /* CustomCell.swift in Sources */ = {isa = PBXBuildFile; fileRef = 144EE2481F39B00F00F52043 /* CustomCell.swift */; };
		144EE24B1F39C6F600F52043 /* ToolFile.swift in Sources */ = {isa = PBXBuildFile; fileRef = 144EE24A1F39C6F600F52043 /* ToolFile.swift */; };
		57A2A8BD5C7CDB68785C4D2A /* Pods_NetPicturesTests.framework in Frameworks */ = {isa = PBXBuildFile; fileRef = 4E84E32DA239F74EF4154D53 /* Pods_NetPicturesTests.framework */; };
		9782416A86A6E822D0C752A1 /* Pods_NetPicturesUITests.framework in Frameworks */ = {isa = PBXBuildFile; fileRef = 3FC5390DC0D9BCA4310548FC /* Pods_NetPicturesUITests.framework */; };
		DD4E27462983B8A143070EFD /* Pods_NetPictures.framework in Frameworks */ = {isa = PBXBuildFile; fileRef = CD0523E752AF8A150F27DC39 /* Pods_NetPictures.framework */; };
/* End PBXBuildFile section */

/* Begin PBXContainerItemProxy section */
		144EE22C1F39AA4900F52043 /* PBXContainerItemProxy */ = {
			isa = PBXContainerItemProxy;
			containerPortal = 144EE20F1F39AA4900F52043 /* Project object */;
			proxyType = 1;
			remoteGlobalIDString = 144EE2161F39AA4900F52043;
			remoteInfo = NetPictures;
		};
		144EE2371F39AA4900F52043 /* PBXContainerItemProxy */ = {
			isa = PBXContainerItemProxy;
			containerPortal = 144EE20F1F39AA4900F52043 /* Project object */;
			proxyType = 1;
			remoteGlobalIDString = 144EE2161F39AA4900F52043;
			remoteInfo = NetPictures;
		};
/* End PBXContainerItemProxy section */

/* Begin PBXFileReference section */
		057074660A492C759EF13FB7 /* Pods-NetPicturesTests.debug.xcconfig */ = {isa = PBXFileReference; includeInIndex = 1; lastKnownFileType = text.xcconfig; name = "Pods-NetPicturesTests.debug.xcconfig"; path = "Pods/Target Support Files/Pods-NetPicturesTests/Pods-NetPicturesTests.debug.xcconfig"; sourceTree = "<group>"; };
		144EE2171F39AA4900F52043 /* NetPictures.app */ = {isa = PBXFileReference; explicitFileType = wrapper.application; includeInIndex = 0; path = NetPictures.app; sourceTree = BUILT_PRODUCTS_DIR; };
		144EE21A1F39AA4900F52043 /* AppDelegate.swift */ = {isa = PBXFileReference; lastKnownFileType = sourcecode.swift; path = AppDelegate.swift; sourceTree = "<group>"; };
		144EE21C1F39AA4900F52043 /* ViewController.swift */ = {isa = PBXFileReference; lastKnownFileType = sourcecode.swift; path = ViewController.swift; sourceTree = "<group>"; };
		144EE21F1F39AA4900F52043 /* Base */ = {isa = PBXFileReference; lastKnownFileType = file.storyboard; name = Base; path = Base.lproj/Main.storyboard; sourceTree = "<group>"; };
		144EE2211F39AA4900F52043 /* Assets.xcassets */ = {isa = PBXFileReference; lastKnownFileType = folder.assetcatalog; path = Assets.xcassets; sourceTree = "<group>"; };
		144EE2241F39AA4900F52043 /* Base */ = {isa = PBXFileReference; lastKnownFileType = file.storyboard; name = Base; path = Base.lproj/LaunchScreen.storyboard; sourceTree = "<group>"; };
		144EE2261F39AA4900F52043 /* Info.plist */ = {isa = PBXFileReference; lastKnownFileType = text.plist.xml; path = Info.plist; sourceTree = "<group>"; };
		144EE22B1F39AA4900F52043 /* NetPicturesTests.xctest */ = {isa = PBXFileReference; explicitFileType = wrapper.cfbundle; includeInIndex = 0; path = NetPicturesTests.xctest; sourceTree = BUILT_PRODUCTS_DIR; };
		144EE22F1F39AA4900F52043 /* NetPicturesTests.swift */ = {isa = PBXFileReference; lastKnownFileType = sourcecode.swift; path = NetPicturesTests.swift; sourceTree = "<group>"; };
		144EE2311F39AA4900F52043 /* Info.plist */ = {isa = PBXFileReference; lastKnownFileType = text.plist.xml; path = Info.plist; sourceTree = "<group>"; };
		144EE2361F39AA4900F52043 /* NetPicturesUITests.xctest */ = {isa = PBXFileReference; explicitFileType = wrapper.cfbundle; includeInIndex = 0; path = NetPicturesUITests.xctest; sourceTree = BUILT_PRODUCTS_DIR; };
		144EE23A1F39AA4900F52043 /* NetPicturesUITests.swift */ = {isa = PBXFileReference; lastKnownFileType = sourcecode.swift; path = NetPicturesUITests.swift; sourceTree = "<group>"; };
		144EE23C1F39AA4900F52043 /* Info.plist */ = {isa = PBXFileReference; lastKnownFileType = text.plist.xml; path = Info.plist; sourceTree = "<group>"; };
		144EE2481F39B00F00F52043 /* CustomCell.swift */ = {isa = PBXFileReference; fileEncoding = 4; lastKnownFileType = sourcecode.swift; path = CustomCell.swift; sourceTree = "<group>"; };
		144EE24A1F39C6F600F52043 /* ToolFile.swift */ = {isa = PBXFileReference; fileEncoding = 4; lastKnownFileType = sourcecode.swift; path = ToolFile.swift; sourceTree = "<group>"; };
		2BDCACAB59ABCA5708205D2A /* Pods-NetPictures.debug.xcconfig */ = {isa = PBXFileReference; includeInIndex = 1; lastKnownFileType = text.xcconfig; name = "Pods-NetPictures.debug.xcconfig"; path = "Pods/Target Support Files/Pods-NetPictures/Pods-NetPictures.debug.xcconfig"; sourceTree = "<group>"; };
		3789EE2C0745839CF3B8BEA6 /* Pods-NetPicturesTests.release.xcconfig */ = {isa = PBXFileReference; includeInIndex = 1; lastKnownFileType = text.xcconfig; name = "Pods-NetPicturesTests.release.xcconfig"; path = "Pods/Target Support Files/Pods-NetPicturesTests/Pods-NetPicturesTests.release.xcconfig"; sourceTree = "<group>"; };
		3FC5390DC0D9BCA4310548FC /* Pods_NetPicturesUITests.framework */ = {isa = PBXFileReference; explicitFileType = wrapper.framework; includeInIndex = 0; path = Pods_NetPicturesUITests.framework; sourceTree = BUILT_PRODUCTS_DIR; };
		4E84E32DA239F74EF4154D53 /* Pods_NetPicturesTests.framework */ = {isa = PBXFileReference; explicitFileType = wrapper.framework; includeInIndex = 0; path = Pods_NetPicturesTests.framework; sourceTree = BUILT_PRODUCTS_DIR; };
		75FE266454160CCA1F58F6AB /* Pods-NetPictures.release.xcconfig */ = {isa = PBXFileReference; includeInIndex = 1; lastKnownFileType = text.xcconfig; name = "Pods-NetPictures.release.xcconfig"; path = "Pods/Target Support Files/Pods-NetPictures/Pods-NetPictures.release.xcconfig"; sourceTree = "<group>"; };
		969BB1B47AA0FEC5108F666D /* Pods-NetPicturesUITests.release.xcconfig */ = {isa = PBXFileReference; includeInIndex = 1; lastKnownFileType = text.xcconfig; name = "Pods-NetPicturesUITests.release.xcconfig"; path = "Pods/Target Support Files/Pods-NetPicturesUITests/Pods-NetPicturesUITests.release.xcconfig"; sourceTree = "<group>"; };
		AC2A48DE3EB07E7F58DBEF1C /* Pods-NetPicturesUITests.debug.xcconfig */ = {isa = PBXFileReference; includeInIndex = 1; lastKnownFileType = text.xcconfig; name = "Pods-NetPicturesUITests.debug.xcconfig"; path = "Pods/Target Support Files/Pods-NetPicturesUITests/Pods-NetPicturesUITests.debug.xcconfig"; sourceTree = "<group>"; };
		CD0523E752AF8A150F27DC39 /* Pods_NetPictures.framework */ = {isa = PBXFileReference; explicitFileType = wrapper.framework; includeInIndex = 0; path = Pods_NetPictures.framework; sourceTree = BUILT_PRODUCTS_DIR; };
/* End PBXFileReference section */

/* Begin PBXFrameworksBuildPhase section */
		144EE2141F39AA4900F52043 /* Frameworks */ = {
			isa = PBXFrameworksBuildPhase;
			buildActionMask = 2147483647;
			files = (
				DD4E27462983B8A143070EFD /* Pods_NetPictures.framework in Frameworks */,
			);
			runOnlyForDeploymentPostprocessing = 0;
		};
		144EE2281F39AA4900F52043 /* Frameworks */ = {
			isa = PBXFrameworksBuildPhase;
			buildActionMask = 2147483647;
			files = (
				57A2A8BD5C7CDB68785C4D2A /* Pods_NetPicturesTests.framework in Frameworks */,
			);
			runOnlyForDeploymentPostprocessing = 0;
		};
		144EE2331F39AA4900F52043 /* Frameworks */ = {
			isa = PBXFrameworksBuildPhase;
			buildActionMask = 2147483647;
			files = (
				9782416A86A6E822D0C752A1 /* Pods_NetPicturesUITests.framework in Frameworks */,
			);
			runOnlyForDeploymentPostprocessing = 0;
		};
/* End PBXFrameworksBuildPhase section */

/* Begin PBXGroup section */
		144EE20E1F39AA4900F52043 = {
			isa = PBXGroup;
			children = (
				144EE2191F39AA4900F52043 /* NetPictures */,
				144EE22E1F39AA4900F52043 /* NetPicturesTests */,
				144EE2391F39AA4900F52043 /* NetPicturesUITests */,
				144EE2181F39AA4900F52043 /* Products */,
				F2D6F8F3A78B2BB61D1E29F8 /* Pods */,
				1B533BB15D49D1E0263139F8 /* Frameworks */,
			);
			sourceTree = "<group>";
		};
		144EE2181F39AA4900F52043 /* Products */ = {
			isa = PBXGroup;
			children = (
				144EE2171F39AA4900F52043 /* NetPictures.app */,
				144EE22B1F39AA4900F52043 /* NetPicturesTests.xctest */,
				144EE2361F39AA4900F52043 /* NetPicturesUITests.xctest */,
			);
			name = Products;
			sourceTree = "<group>";
		};
		144EE2191F39AA4900F52043 /* NetPictures */ = {
			isa = PBXGroup;
			children = (
				144EE21A1F39AA4900F52043 /* AppDelegate.swift */,
				144EE21C1F39AA4900F52043 /* ViewController.swift */,
				144EE21E1F39AA4900F52043 /* Main.storyboard */,
				144EE2211F39AA4900F52043 /* Assets.xcassets */,
				144EE2231F39AA4900F52043 /* LaunchScreen.storyboard */,
				144EE2261F39AA4900F52043 /* Info.plist */,
				144EE2481F39B00F00F52043 /* CustomCell.swift */,
				144EE24A1F39C6F600F52043 /* ToolFile.swift */,
			);
			path = NetPictures;
			sourceTree = "<group>";
		};
		144EE22E1F39AA4900F52043 /* NetPicturesTests */ = {
			isa = PBXGroup;
			children = (
				144EE22F1F39AA4900F52043 /* NetPicturesTests.swift */,
				144EE2311F39AA4900F52043 /* Info.plist */,
			);
			path = NetPicturesTests;
			sourceTree = "<group>";
		};
		144EE2391F39AA4900F52043 /* NetPicturesUITests */ = {
			isa = PBXGroup;
			children = (
				144EE23A1F39AA4900F52043 /* NetPicturesUITests.swift */,
				144EE23C1F39AA4900F52043 /* Info.plist */,
			);
			path = NetPicturesUITests;
			sourceTree = "<group>";
		};
		1B533BB15D49D1E0263139F8 /* Frameworks */ = {
			isa = PBXGroup;
			children = (
				CD0523E752AF8A150F27DC39 /* Pods_NetPictures.framework */,
				4E84E32DA239F74EF4154D53 /* Pods_NetPicturesTests.framework */,
				3FC5390DC0D9BCA4310548FC /* Pods_NetPicturesUITests.framework */,
			);
			name = Frameworks;
			sourceTree = "<group>";
		};
		F2D6F8F3A78B2BB61D1E29F8 /* Pods */ = {
			isa = PBXGroup;
			children = (
				2BDCACAB59ABCA5708205D2A /* Pods-NetPictures.debug.xcconfig */,
				75FE266454160CCA1F58F6AB /* Pods-NetPictures.release.xcconfig */,
				057074660A492C759EF13FB7 /* Pods-NetPicturesTests.debug.xcconfig */,
				3789EE2C0745839CF3B8BEA6 /* Pods-NetPicturesTests.release.xcconfig */,
				AC2A48DE3EB07E7F58DBEF1C /* Pods-NetPicturesUITests.debug.xcconfig */,
				969BB1B47AA0FEC5108F666D /* Pods-NetPicturesUITests.release.xcconfig */,
			);
			name = Pods;
			sourceTree = "<group>";
		};
/* End PBXGroup section */

/* Begin PBXNativeTarget section */
		144EE2161F39AA4900F52043 /* NetPictures */ = {
			isa = PBXNativeTarget;
			buildConfigurationList = 144EE23F1F39AA4900F52043 /* Build configuration list for PBXNativeTarget "NetPictures" */;
			buildPhases = (
				2415578CEBBEAF3A1E510369 /* [CP] Check Pods Manifest.lock */,
				144EE2131F39AA4900F52043 /* Sources */,
				144EE2141F39AA4900F52043 /* Frameworks */,
				144EE2151F39AA4900F52043 /* Resources */,
				EB9F70273929938B3A9A9CB3 /* [CP] Embed Pods Frameworks */,
				FB5195939C82E8C056522871 /* [CP] Copy Pods Resources */,
			);
			buildRules = (
			);
			dependencies = (
			);
			name = NetPictures;
			productName = NetPictures;
			productReference = 144EE2171F39AA4900F52043 /* NetPictures.app */;
			productType = "com.apple.product-type.application";
		};
		144EE22A1F39AA4900F52043 /* NetPicturesTests */ = {
			isa = PBXNativeTarget;
			buildConfigurationList = 144EE2421F39AA4900F52043 /* Build configuration list for PBXNativeTarget "NetPicturesTests" */;
			buildPhases = (
				DA5F44C80B3C3E73E2680F32 /* [CP] Check Pods Manifest.lock */,
				144EE2271F39AA4900F52043 /* Sources */,
				144EE2281F39AA4900F52043 /* Frameworks */,
				144EE2291F39AA4900F52043 /* Resources */,
				E1CCFC91A75E1F6A9778A375 /* [CP] Embed Pods Frameworks */,
				CC48976D729C2D8DF00BD43E /* [CP] Copy Pods Resources */,
			);
			buildRules = (
			);
			dependencies = (
				144EE22D1F39AA4900F52043 /* PBXTargetDependency */,
			);
			name = NetPicturesTests;
			productName = NetPicturesTests;
			productReference = 144EE22B1F39AA4900F52043 /* NetPicturesTests.xctest */;
			productType = "com.apple.product-type.bundle.unit-test";
		};
		144EE2351F39AA4900F52043 /* NetPicturesUITests */ = {
			isa = PBXNativeTarget;
			buildConfigurationList = 144EE2451F39AA4900F52043 /* Build configuration list for PBXNativeTarget "NetPicturesUITests" */;
			buildPhases = (
				E7C0ABC8B8D8E4EF118A1E30 /* [CP] Check Pods Manifest.lock */,
				144EE2321F39AA4900F52043 /* Sources */,
				144EE2331F39AA4900F52043 /* Frameworks */,
				144EE2341F39AA4900F52043 /* Resources */,
				96C93266B9E6F4B66FD799AB /* [CP] Embed Pods Frameworks */,
				FEC011F248885322DD05E48A /* [CP] Copy Pods Resources */,
			);
			buildRules = (
			);
			dependencies = (
				144EE2381F39AA4900F52043 /* PBXTargetDependency */,
			);
			name = NetPicturesUITests;
			productName = NetPicturesUITests;
			productReference = 144EE2361F39AA4900F52043 /* NetPicturesUITests.xctest */;
			productType = "com.apple.product-type.bundle.ui-testing";
		};
/* End PBXNativeTarget section */

/* Begin PBXProject section */
		144EE20F1F39AA4900F52043 /* Project object */ = {
			isa = PBXProject;
			attributes = {
				LastSwiftUpdateCheck = 0830;
				LastUpgradeCheck = 0830;
				ORGANIZATIONNAME = www.xyy.com;
				TargetAttributes = {
					144EE2161F39AA4900F52043 = {
						CreatedOnToolsVersion = 8.3.3;
						ProvisioningStyle = Automatic;
					};
					144EE22A1F39AA4900F52043 = {
						CreatedOnToolsVersion = 8.3.3;
						ProvisioningStyle = Automatic;
						TestTargetID = 144EE2161F39AA4900F52043;
					};
					144EE2351F39AA4900F52043 = {
						CreatedOnToolsVersion = 8.3.3;
						ProvisioningStyle = Automatic;
						TestTargetID = 144EE2161F39AA4900F52043;
					};
				};
			};
			buildConfigurationList = 144EE2121F39AA4900F52043 /* Build configuration list for PBXProject "NetPictures" */;
			compatibilityVersion = "Xcode 3.2";
			developmentRegion = English;
			hasScannedForEncodings = 0;
			knownRegions = (
				en,
				Base,
			);
			mainGroup = 144EE20E1F39AA4900F52043;
			productRefGroup = 144EE2181F39AA4900F52043 /* Products */;
			projectDirPath = "";
			projectRoot = "";
			targets = (
				144EE2161F39AA4900F52043 /* NetPictures */,
				144EE22A1F39AA4900F52043 /* NetPicturesTests */,
				144EE2351F39AA4900F52043 /* NetPicturesUITests */,
			);
		};
/* End PBXProject section */

/* Begin PBXResourcesBuildPhase section */
		144EE2151F39AA4900F52043 /* Resources */ = {
			isa = PBXResourcesBuildPhase;
			buildActionMask = 2147483647;
			files = (
				144EE2251F39AA4900F52043 /* LaunchScreen.storyboard in Resources */,
				144EE2221F39AA4900F52043 /* Assets.xcassets in Resources */,
				144EE2201F39AA4900F52043 /* Main.storyboard in Resources */,
			);
			runOnlyForDeploymentPostprocessing = 0;
		};
		144EE2291F39AA4900F52043 /* Resources */ = {
			isa = PBXResourcesBuildPhase;
			buildActionMask = 2147483647;
			files = (
			);
			runOnlyForDeploymentPostprocessing = 0;
		};
		144EE2341F39AA4900F52043 /* Resources */ = {
			isa = PBXResourcesBuildPhase;
			buildActionMask = 2147483647;
			files = (
			);
			runOnlyForDeploymentPostprocessing = 0;
		};
/* End PBXResourcesBuildPhase section */

/* Begin PBXShellScriptBuildPhase section */
		2415578CEBBEAF3A1E510369 /* [CP] Check Pods Manifest.lock */ = {
			isa = PBXShellScriptBuildPhase;
			buildActionMask = 2147483647;
			files = (
			);
			inputPaths = (
			);
			name = "[CP] Check Pods Manifest.lock";
			outputPaths = (
			);
			runOnlyForDeploymentPostprocessing = 0;
			shellPath = /bin/sh;
			shellScript = "diff \"${PODS_PODFILE_DIR_PATH}/Podfile.lock\" \"${PODS_ROOT}/Manifest.lock\" > /dev/null\nif [ $? != 0 ] ; then\n    # print error to STDERR\n    echo \"error: The sandbox is not in sync with the Podfile.lock. Run 'pod install' or update your CocoaPods installation.\" >&2\n    exit 1\nfi\n";
			showEnvVarsInLog = 0;
		};
		96C93266B9E6F4B66FD799AB /* [CP] Embed Pods Frameworks */ = {
			isa = PBXShellScriptBuildPhase;
			buildActionMask = 2147483647;
			files = (
			);
			inputPaths = (
			);
			name = "[CP] Embed Pods Frameworks";
			outputPaths = (
			);
			runOnlyForDeploymentPostprocessing = 0;
			shellPath = /bin/sh;
			shellScript = "\"${SRCROOT}/Pods/Target Support Files/Pods-NetPicturesUITests/Pods-NetPicturesUITests-frameworks.sh\"\n";
			showEnvVarsInLog = 0;
		};
		CC48976D729C2D8DF00BD43E /* [CP] Copy Pods Resources */ = {
			isa = PBXShellScriptBuildPhase;
			buildActionMask = 2147483647;
			files = (
			);
			inputPaths = (
			);
			name = "[CP] Copy Pods Resources";
			outputPaths = (
			);
			runOnlyForDeploymentPostprocessing = 0;
			shellPath = /bin/sh;
			shellScript = "\"${SRCROOT}/Pods/Target Support Files/Pods-NetPicturesTests/Pods-NetPicturesTests-resources.sh\"\n";
			showEnvVarsInLog = 0;
		};
		DA5F44C80B3C3E73E2680F32 /* [CP] Check Pods Manifest.lock */ = {
			isa = PBXShellScriptBuildPhase;
			buildActionMask = 2147483647;
			files = (
			);
			inputPaths = (
			);
			name = "[CP] Check Pods Manifest.lock";
			outputPaths = (
			);
			runOnlyForDeploymentPostprocessing = 0;
			shellPath = /bin/sh;
			shellScript = "diff \"${PODS_PODFILE_DIR_PATH}/Podfile.lock\" \"${PODS_ROOT}/Manifest.lock\" > /dev/null\nif [ $? != 0 ] ; then\n    # print error to STDERR\n    echo \"error: The sandbox is not in sync with the Podfile.lock. Run 'pod install' or update your CocoaPods installation.\" >&2\n    exit 1\nfi\n";
			showEnvVarsInLog = 0;
		};
		E1CCFC91A75E1F6A9778A375 /* [CP] Embed Pods Frameworks */ = {
			isa = PBXShellScriptBuildPhase;
			buildActionMask = 2147483647;
			files = (
			);
			inputPaths = (
			);
			name = "[CP] Embed Pods Frameworks";
			outputPaths = (
			);
			runOnlyForDeploymentPostprocessing = 0;
			shellPath = /bin/sh;
			shellScript = "\"${SRCROOT}/Pods/Target Support Files/Pods-NetPicturesTests/Pods-NetPicturesTests-frameworks.sh\"\n";
			showEnvVarsInLog = 0;
		};
		E7C0ABC8B8D8E4EF118A1E30 /* [CP] Check Pods Manifest.lock */ = {
			isa = PBXShellScriptBuildPhase;
			buildActionMask = 2147483647;
			files = (
			);
			inputPaths = (
			);
			name = "[CP] Check Pods Manifest.lock";
			outputPaths = (
			);
			runOnlyForDeploymentPostprocessing = 0;
			shellPath = /bin/sh;
			shellScript = "diff \"${PODS_PODFILE_DIR_PATH}/Podfile.lock\" \"${PODS_ROOT}/Manifest.lock\" > /dev/null\nif [ $? != 0 ] ; then\n    # print error to STDERR\n    echo \"error: The sandbox is not in sync with the Podfile.lock. Run 'pod install' or update your CocoaPods installation.\" >&2\n    exit 1\nfi\n";
			showEnvVarsInLog = 0;
		};
		EB9F70273929938B3A9A9CB3 /* [CP] Embed Pods Frameworks */ = {
			isa = PBXShellScriptBuildPhase;
			buildActionMask = 2147483647;
			files = (
			);
			inputPaths = (
			);
			name = "[CP] Embed Pods Frameworks";
			outputPaths = (
			);
			runOnlyForDeploymentPostprocessing = 0;
			shellPath = /bin/sh;
			shellScript = "\"${SRCROOT}/Pods/Target Support Files/Pods-NetPictures/Pods-NetPictures-frameworks.sh\"\n";
			showEnvVarsInLog = 0;
		};
		FB5195939C82E8C056522871 /* [CP] Copy Pods Resources */ = {
			isa = PBXShellScriptBuildPhase;
			buildActionMask = 2147483647;
			files = (
			);
			inputPaths = (
			);
			name = "[CP] Copy Pods Resources";
			outputPaths = (
			);
			runOnlyForDeploymentPostprocessing = 0;
			shellPath = /bin/sh;
			shellScript = "\"${SRCROOT}/Pods/Target Support Files/Pods-NetPictures/Pods-NetPictures-resources.sh\"\n";
			showEnvVarsInLog = 0;
		};
		FEC011F248885322DD05E48A /* [CP] Copy Pods Resources */ = {
			isa = PBXShellScriptBuildPhase;
			buildActionMask = 2147483647;
			files = (
			);
			inputPaths = (
			);
			name = "[CP] Copy Pods Resources";
			outputPaths = (
			);
			runOnlyForDeploymentPostprocessing = 0;
			shellPath = /bin/sh;
			shellScript = "\"${SRCROOT}/Pods/Target Support Files/Pods-NetPicturesUITests/Pods-NetPicturesUITests-resources.sh\"\n";
			showEnvVarsInLog = 0;
		};
/* End PBXShellScriptBuildPhase section */

/* Begin PBXSourcesBuildPhase section */
		144EE2131F39AA4900F52043 /* Sources */ = {
			isa = PBXSourcesBuildPhase;
			buildActionMask = 2147483647;
			files = (
				144EE21D1F39AA4900F52043 /* ViewController.swift in Sources */,
				144EE2491F39B00F00F52043 /* CustomCell.swift in Sources */,
				144EE21B1F39AA4900F52043 /* AppDelegate.swift in Sources */,
				144EE24B1F39C6F600F52043 /* ToolFile.swift in Sources */,
			);
			runOnlyForDeploymentPostprocessing = 0;
		};
		144EE2271F39AA4900F52043 /* Sources */ = {
			isa = PBXSourcesBuildPhase;
			buildActionMask = 2147483647;
			files = (
				144EE2301F39AA4900F52043 /* NetPicturesTests.swift in Sources */,
			);
			runOnlyForDeploymentPostprocessing = 0;
		};
		144EE2321F39AA4900F52043 /* Sources */ = {
			isa = PBXSourcesBuildPhase;
			buildActionMask = 2147483647;
			files = (
				144EE23B1F39AA4900F52043 /* NetPicturesUITests.swift in Sources */,
			);
			runOnlyForDeploymentPostprocessing = 0;
		};
/* End PBXSourcesBuildPhase section */

/* Begin PBXTargetDependency section */
		144EE22D1F39AA4900F52043 /* PBXTargetDependency */ = {
			isa = PBXTargetDependency;
			target = 144EE2161F39AA4900F52043 /* NetPictures */;
			targetProxy = 144EE22C1F39AA4900F52043 /* PBXContainerItemProxy */;
		};
		144EE2381F39AA4900F52043 /* PBXTargetDependency */ = {
			isa = PBXTargetDependency;
			target = 144EE2161F39AA4900F52043 /* NetPictures */;
			targetProxy = 144EE2371F39AA4900F52043 /* PBXContainerItemProxy */;
		};
/* End PBXTargetDependency section */

/* Begin PBXVariantGroup section */
		144EE21E1F39AA4900F52043 /* Main.storyboard */ = {
			isa = PBXVariantGroup;
			children = (
				144EE21F1F39AA4900F52043 /* Base */,
			);
			name = Main.storyboard;
			sourceTree = "<group>";
		};
		144EE2231F39AA4900F52043 /* LaunchScreen.storyboard */ = {
			isa = PBXVariantGroup;
			children = (
				144EE2241F39AA4900F52043 /* Base */,
			);
			name = LaunchScreen.storyboard;
			sourceTree = "<group>";
		};
/* End PBXVariantGroup section */

/* Begin XCBuildConfiguration section */
		144EE23D1F39AA4900F52043 /* Debug */ = {
			isa = XCBuildConfiguration;
			buildSettings = {
				ALWAYS_SEARCH_USER_PATHS = NO;
				CLANG_ANALYZER_NONNULL = YES;
				CLANG_ANALYZER_NUMBER_OBJECT_CONVERSION = YES_AGGRESSIVE;
				CLANG_CXX_LANGUAGE_STANDARD = "gnu++0x";
				CLANG_CXX_LIBRARY = "libc++";
				CLANG_ENABLE_MODULES = YES;
				CLANG_ENABLE_OBJC_ARC = YES;
				CLANG_WARN_BOOL_CONVERSION = YES;
				CLANG_WARN_CONSTANT_CONVERSION = YES;
				CLANG_WARN_DIRECT_OBJC_ISA_USAGE = YES_ERROR;
				CLANG_WARN_DOCUMENTATION_COMMENTS = YES;
				CLANG_WARN_EMPTY_BODY = YES;
				CLANG_WARN_ENUM_CONVERSION = YES;
				CLANG_WARN_INFINITE_RECURSION = YES;
				CLANG_WARN_INT_CONVERSION = YES;
				CLANG_WARN_OBJC_ROOT_CLASS = YES_ERROR;
				CLANG_WARN_SUSPICIOUS_MOVE = YES;
				CLANG_WARN_UNREACHABLE_CODE = YES;
				CLANG_WARN__DUPLICATE_METHOD_MATCH = YES;
				"CODE_SIGN_IDENTITY[sdk=iphoneos*]" = "iPhone Developer";
				COPY_PHASE_STRIP = NO;
				DEBUG_INFORMATION_FORMAT = dwarf;
				ENABLE_STRICT_OBJC_MSGSEND = YES;
				ENABLE_TESTABILITY = YES;
				GCC_C_LANGUAGE_STANDARD = gnu99;
				GCC_DYNAMIC_NO_PIC = NO;
				GCC_NO_COMMON_BLOCKS = YES;
				GCC_OPTIMIZATION_LEVEL = 0;
				GCC_PREPROCESSOR_DEFINITIONS = (
					"DEBUG=1",
					"$(inherited)",
				);
				GCC_WARN_64_TO_32_BIT_CONVERSION = YES;
				GCC_WARN_ABOUT_RETURN_TYPE = YES_ERROR;
				GCC_WARN_UNDECLARED_SELECTOR = YES;
				GCC_WARN_UNINITIALIZED_AUTOS = YES_AGGRESSIVE;
				GCC_WARN_UNUSED_FUNCTION = YES;
				GCC_WARN_UNUSED_VARIABLE = YES;
				IPHONEOS_DEPLOYMENT_TARGET = 10.3;
				MTL_ENABLE_DEBUG_INFO = YES;
				ONLY_ACTIVE_ARCH = YES;
				SDKROOT = iphoneos;
				SWIFT_ACTIVE_COMPILATION_CONDITIONS = DEBUG;
				SWIFT_OPTIMIZATION_LEVEL = "-Onone";
			};
			name = Debug;
		};
		144EE23E1F39AA4900F52043 /* Release */ = {
			isa = XCBuildConfiguration;
			buildSettings = {
				ALWAYS_SEARCH_USER_PATHS = NO;
				CLANG_ANALYZER_NONNULL = YES;
				CLANG_ANALYZER_NUMBER_OBJECT_CONVERSION = YES_AGGRESSIVE;
				CLANG_CXX_LANGUAGE_STANDARD = "gnu++0x";
				CLANG_CXX_LIBRARY = "libc++";
				CLANG_ENABLE_MODULES = YES;
				CLANG_ENABLE_OBJC_ARC = YES;
				CLANG_WARN_BOOL_CONVERSION = YES;
				CLANG_WARN_CONSTANT_CONVERSION = YES;
				CLANG_WARN_DIRECT_OBJC_ISA_USAGE = YES_ERROR;
				CLANG_WARN_DOCUMENTATION_COMMENTS = YES;
				CLANG_WARN_EMPTY_BODY = YES;
				CLANG_WARN_ENUM_CONVERSION = YES;
				CLANG_WARN_INFINITE_RECURSION = YES;
				CLANG_WARN_INT_CONVERSION = YES;
				CLANG_WARN_OBJC_ROOT_CLASS = YES_ERROR;
				CLANG_WARN_SUSPICIOUS_MOVE = YES;
				CLANG_WARN_UNREACHABLE_CODE = YES;
				CLANG_WARN__DUPLICATE_METHOD_MATCH = YES;
				"CODE_SIGN_IDENTITY[sdk=iphoneos*]" = "iPhone Developer";
				COPY_PHASE_STRIP = NO;
				DEBUG_INFORMATION_FORMAT = "dwarf-with-dsym";
				ENABLE_NS_ASSERTIONS = NO;
				ENABLE_STRICT_OBJC_MSGSEND = YES;
				GCC_C_LANGUAGE_STANDARD = gnu99;
				GCC_NO_COMMON_BLOCKS = YES;
				GCC_WARN_64_TO_32_BIT_CONVERSION = YES;
				GCC_WARN_ABOUT_RETURN_TYPE = YES_ERROR;
				GCC_WARN_UNDECLARED_SELECTOR = YES;
				GCC_WARN_UNINITIALIZED_AUTOS = YES_AGGRESSIVE;
				GCC_WARN_UNUSED_FUNCTION = YES;
				GCC_WARN_UNUSED_VARIABLE = YES;
				IPHONEOS_DEPLOYMENT_TARGET = 10.3;
				MTL_ENABLE_DEBUG_INFO = NO;
				SDKROOT = iphoneos;
				SWIFT_OPTIMIZATION_LEVEL = "-Owholemodule";
				VALIDATE_PRODUCT = YES;
			};
			name = Release;
		};
		144EE2401F39AA4900F52043 /* Debug */ = {
			isa = XCBuildConfiguration;
			baseConfigurationReference = 2BDCACAB59ABCA5708205D2A /* Pods-NetPictures.debug.xcconfig */;
			buildSettings = {
				ASSETCATALOG_COMPILER_APPICON_NAME = AppIcon;
				INFOPLIST_FILE = NetPictures/Info.plist;
				LD_RUNPATH_SEARCH_PATHS = "$(inherited) @executable_path/Frameworks";
				PRODUCT_BUNDLE_IDENTIFIER = com.xyy.NetPictures;
				PRODUCT_NAME = "$(TARGET_NAME)";
				SWIFT_VERSION = 3.0;
			};
			name = Debug;
		};
		144EE2411F39AA4900F52043 /* Release */ = {
			isa = XCBuildConfiguration;
			baseConfigurationReference = 75FE266454160CCA1F58F6AB /* Pods-NetPictures.release.xcconfig */;
			buildSettings = {
				ASSETCATALOG_COMPILER_APPICON_NAME = AppIcon;
				INFOPLIST_FILE = NetPictures/Info.plist;
				LD_RUNPATH_SEARCH_PATHS = "$(inherited) @executable_path/Frameworks";
				PRODUCT_BUNDLE_IDENTIFIER = com.xyy.NetPictures;
				PRODUCT_NAME = "$(TARGET_NAME)";
				SWIFT_VERSION = 3.0;
			};
			name = Release;
		};
		144EE2431F39AA4900F52043 /* Debug */ = {
			isa = XCBuildConfiguration;
			baseConfigurationReference = 057074660A492C759EF13FB7 /* Pods-NetPicturesTests.debug.xcconfig */;
			buildSettings = {
				ALWAYS_EMBED_SWIFT_STANDARD_LIBRARIES = YES;
				BUNDLE_LOADER = "$(TEST_HOST)";
				INFOPLIST_FILE = NetPicturesTests/Info.plist;
				LD_RUNPATH_SEARCH_PATHS = "$(inherited) @executable_path/Frameworks @loader_path/Frameworks";
				PRODUCT_BUNDLE_IDENTIFIER = com.xyy.NetPicturesTests;
				PRODUCT_NAME = "$(TARGET_NAME)";
				SWIFT_VERSION = 3.0;
				TEST_HOST = "$(BUILT_PRODUCTS_DIR)/NetPictures.app/NetPictures";
			};
			name = Debug;
		};
		144EE2441F39AA4900F52043 /* Release */ = {
			isa = XCBuildConfiguration;
			baseConfigurationReference = 3789EE2C0745839CF3B8BEA6 /* Pods-NetPicturesTests.release.xcconfig */;
			buildSettings = {
				ALWAYS_EMBED_SWIFT_STANDARD_LIBRARIES = YES;
				BUNDLE_LOADER = "$(TEST_HOST)";
				INFOPLIST_FILE = NetPicturesTests/Info.plist;
				LD_RUNPATH_SEARCH_PATHS = "$(inherited) @executable_path/Frameworks @loader_path/Frameworks";
				PRODUCT_BUNDLE_IDENTIFIER = com.xyy.NetPicturesTests;
				PRODUCT_NAME = "$(TARGET_NAME)";
				SWIFT_VERSION = 3.0;
				TEST_HOST = "$(BUILT_PRODUCTS_DIR)/NetPictures.app/NetPictures";
			};
			name = Release;
		};
		144EE2461F39AA4900F52043 /* Debug */ = {
			isa = XCBuildConfiguration;
			baseConfigurationReference = AC2A48DE3EB07E7F58DBEF1C /* Pods-NetPicturesUITests.debug.xcconfig */;
			buildSettings = {
				ALWAYS_EMBED_SWIFT_STANDARD_LIBRARIES = YES;
				INFOPLIST_FILE = NetPicturesUITests/Info.plist;
				LD_RUNPATH_SEARCH_PATHS = "$(inherited) @executable_path/Frameworks @loader_path/Frameworks";
				PRODUCT_BUNDLE_IDENTIFIER = com.xyy.NetPicturesUITests;
				PRODUCT_NAME = "$(TARGET_NAME)";
				SWIFT_VERSION = 3.0;
				TEST_TARGET_NAME = NetPictures;
			};
			name = Debug;
		};
		144EE2471F39AA4900F52043 /* Release */ = {
			isa = XCBuildConfiguration;
			baseConfigurationReference = 969BB1B47AA0FEC5108F666D /* Pods-NetPicturesUITests.release.xcconfig */;
			buildSettings = {
				ALWAYS_EMBED_SWIFT_STANDARD_LIBRARIES = YES;
				INFOPLIST_FILE = NetPicturesUITests/Info.plist;
				LD_RUNPATH_SEARCH_PATHS = "$(inherited) @executable_path/Frameworks @loader_path/Frameworks";
				PRODUCT_BUNDLE_IDENTIFIER = com.xyy.NetPicturesUITests;
				PRODUCT_NAME = "$(TARGET_NAME)";
				SWIFT_VERSION = 3.0;
				TEST_TARGET_NAME = NetPictures;
			};
			name = Release;
		};
/* End XCBuildConfiguration section */

/* Begin XCConfigurationList section */
		144EE2121F39AA4900F52043 /* Build configuration list for PBXProject "NetPictures" */ = {
			isa = XCConfigurationList;
			buildConfigurations = (
				144EE23D1F39AA4900F52043 /* Debug */,
				144EE23E1F39AA4900F52043 /* Release */,
			);
			defaultConfigurationIsVisible = 0;
			defaultConfigurationName = Release;
		};
		144EE23F1F39AA4900F52043 /* Build configuration list for PBXNativeTarget "NetPictures" */ = {
			isa = XCConfigurationList;
			buildConfigurations = (
				144EE2401F39AA4900F52043 /* Debug */,
				144EE2411F39AA4900F52043 /* Release */,
			);
			defaultConfigurationIsVisible = 0;
			defaultConfigurationName = Release;
		};
		144EE2421F39AA4900F52043 /* Build configuration list for PBXNativeTarget "NetPicturesTests" */ = {
			isa = XCConfigurationList;
			buildConfigurations = (
				144EE2431F39AA4900F52043 /* Debug */,
				144EE2441F39AA4900F52043 /* Release */,
			);
			defaultConfigurationIsVisible = 0;
			defaultConfigurationName = Release;
		};
		144EE2451F39AA4900F52043 /* Build configuration list for PBXNativeTarget "NetPicturesUITests" */ = {
			isa = XCConfigurationList;
			buildConfigurations = (
				144EE2461F39AA4900F52043 /* Debug */,
				144EE2471F39AA4900F52043 /* Release */,
			);
			defaultConfigurationIsVisible = 0;
			defaultConfigurationName = Release;
		};
/* End XCConfigurationList section */
	};
	rootObject = 144EE20F1F39AA4900F52043 /* Project object */;
}
