// !$*UTF8*$!
{
	archiveVersion = 1;
	classes = {
	};
	objectVersion = 46;
	objects = {

/* Begin PBXBuildFile section */
		144EE0EB1F37FF2400F52043 /* AppDelegate.swift in Sources */ = {isa = PBXBuildFile; fileRef = 144EE0EA1F37FF2400F52043 /* AppDelegate.swift */; };
		144EE0ED1F37FF2400F52043 /* ViewController.swift in Sources */ = {isa = PBXBuildFile; fileRef = 144EE0EC1F37FF2400F52043 /* ViewController.swift */; };
		144EE0F01F37FF2400F52043 /* Main.storyboard in Resources */ = {isa = PBXBuildFile; fileRef = 144EE0EE1F37FF2400F52043 /* Main.storyboard */; };
		144EE0F21F37FF2400F52043 /* Assets.xcassets in Resources */ = {isa = PBXBuildFile; fileRef = 144EE0F11F37FF2400F52043 /* Assets.xcassets */; };
		144EE0F51F37FF2400F52043 /* LaunchScreen.storyboard in Resources */ = {isa = PBXBuildFile; fileRef = 144EE0F31F37FF2400F52043 /* LaunchScreen.storyboard */; };
		144EE1001F37FF2400F52043 /* URLImageDemoTests.swift in Sources */ = {isa = PBXBuildFile; fileRef = 144EE0FF1F37FF2400F52043 /* URLImageDemoTests.swift */; };
		144EE10B1F37FF2400F52043 /* URLImageDemoUITests.swift in Sources */ = {isa = PBXBuildFile; fileRef = 144EE10A1F37FF2400F52043 /* URLImageDemoUITests.swift */; };
/* End PBXBuildFile section */

/* Begin PBXContainerItemProxy section */
		144EE0FC1F37FF2400F52043 /* PBXContainerItemProxy */ = {
			isa = PBXContainerItemProxy;
			containerPortal = 144EE0DF1F37FF2400F52043 /* Project object */;
			proxyType = 1;
			remoteGlobalIDString = 144EE0E61F37FF2400F52043;
			remoteInfo = URLImageDemo;
		};
		144EE1071F37FF2400F52043 /* PBXContainerItemProxy */ = {
			isa = PBXContainerItemProxy;
			containerPortal = 144EE0DF1F37FF2400F52043 /* Project object */;
			proxyType = 1;
			remoteGlobalIDString = 144EE0E61F37FF2400F52043;
			remoteInfo = URLImageDemo;
		};
/* End PBXContainerItemProxy section */

/* Begin PBXFileReference section */
		144EE0E71F37FF2400F52043 /* URLImageDemo.app */ = {isa = PBXFileReference; explicitFileType = wrapper.application; includeInIndex = 0; path = URLImageDemo.app; sourceTree = BUILT_PRODUCTS_DIR; };
		144EE0EA1F37FF2400F52043 /* AppDelegate.swift */ = {isa = PBXFileReference; lastKnownFileType = sourcecode.swift; path = AppDelegate.swift; sourceTree = "<group>"; };
		144EE0EC1F37FF2400F52043 /* ViewController.swift */ = {isa = PBXFileReference; lastKnownFileType = sourcecode.swift; path = ViewController.swift; sourceTree = "<group>"; };
		144EE0EF1F37FF2400F52043 /* Base */ = {isa = PBXFileReference; lastKnownFileType = file.storyboard; name = Base; path = Base.lproj/Main.storyboard; sourceTree = "<group>"; };
		144EE0F11F37FF2400F52043 /* Assets.xcassets */ = {isa = PBXFileReference; lastKnownFileType = folder.assetcatalog; path = Assets.xcassets; sourceTree = "<group>"; };
		144EE0F41F37FF2400F52043 /* Base */ = {isa = PBXFileReference; lastKnownFileType = file.storyboard; name = Base; path = Base.lproj/LaunchScreen.storyboard; sourceTree = "<group>"; };
		144EE0F61F37FF2400F52043 /* Info.plist */ = {isa = PBXFileReference; lastKnownFileType = text.plist.xml; path = Info.plist; sourceTree = "<group>"; };
		144EE0FB1F37FF2400F52043 /* URLImageDemoTests.xctest */ = {isa = PBXFileReference; explicitFileType = wrapper.cfbundle; includeInIndex = 0; path = URLImageDemoTests.xctest; sourceTree = BUILT_PRODUCTS_DIR; };
		144EE0FF1F37FF2400F52043 /* URLImageDemoTests.swift */ = {isa = PBXFileReference; lastKnownFileType = sourcecode.swift; path = URLImageDemoTests.swift; sourceTree = "<group>"; };
		144EE1011F37FF2400F52043 /* Info.plist */ = {isa = PBXFileReference; lastKnownFileType = text.plist.xml; path = Info.plist; sourceTree = "<group>"; };
		144EE1061F37FF2400F52043 /* URLImageDemoUITests.xctest */ = {isa = PBXFileReference; explicitFileType = wrapper.cfbundle; includeInIndex = 0; path = URLImageDemoUITests.xctest; sourceTree = BUILT_PRODUCTS_DIR; };
		144EE10A1F37FF2400F52043 /* URLImageDemoUITests.swift */ = {isa = PBXFileReference; lastKnownFileType = sourcecode.swift; path = URLImageDemoUITests.swift; sourceTree = "<group>"; };
		144EE10C1F37FF2400F52043 /* Info.plist */ = {isa = PBXFileReference; lastKnownFileType = text.plist.xml; path = Info.plist; sourceTree = "<group>"; };
/* End PBXFileReference section */

/* Begin PBXFrameworksBuildPhase section */
		144EE0E41F37FF2400F52043 /* Frameworks */ = {
			isa = PBXFrameworksBuildPhase;
			buildActionMask = 2147483647;
			files = (
			);
			runOnlyForDeploymentPostprocessing = 0;
		};
		144EE0F81F37FF2400F52043 /* Frameworks */ = {
			isa = PBXFrameworksBuildPhase;
			buildActionMask = 2147483647;
			files = (
			);
			runOnlyForDeploymentPostprocessing = 0;
		};
		144EE1031F37FF2400F52043 /* Frameworks */ = {
			isa = PBXFrameworksBuildPhase;
			buildActionMask = 2147483647;
			files = (
			);
			runOnlyForDeploymentPostprocessing = 0;
		};
/* End PBXFrameworksBuildPhase section */

/* Begin PBXGroup section */
		144EE0DE1F37FF2400F52043 = {
			isa = PBXGroup;
			children = (
				144EE0E91F37FF2400F52043 /* URLImageDemo */,
				144EE0FE1F37FF2400F52043 /* URLImageDemoTests */,
				144EE1091F37FF2400F52043 /* URLImageDemoUITests */,
				144EE0E81F37FF2400F52043 /* Products */,
			);
			sourceTree = "<group>";
		};
		144EE0E81F37FF2400F52043 /* Products */ = {
			isa = PBXGroup;
			children = (
				144EE0E71F37FF2400F52043 /* URLImageDemo.app */,
				144EE0FB1F37FF2400F52043 /* URLImageDemoTests.xctest */,
				144EE1061F37FF2400F52043 /* URLImageDemoUITests.xctest */,
			);
			name = Products;
			sourceTree = "<group>";
		};
		144EE0E91F37FF2400F52043 /* URLImageDemo */ = {
			isa = PBXGroup;
			children = (
				144EE0EA1F37FF2400F52043 /* AppDelegate.swift */,
				144EE0EC1F37FF2400F52043 /* ViewController.swift */,
				144EE0EE1F37FF2400F52043 /* Main.storyboard */,
				144EE0F11F37FF2400F52043 /* Assets.xcassets */,
				144EE0F31F37FF2400F52043 /* LaunchScreen.storyboard */,
				144EE0F61F37FF2400F52043 /* Info.plist */,
			);
			path = URLImageDemo;
			sourceTree = "<group>";
		};
		144EE0FE1F37FF2400F52043 /* URLImageDemoTests */ = {
			isa = PBXGroup;
			children = (
				144EE0FF1F37FF2400F52043 /* URLImageDemoTests.swift */,
				144EE1011F37FF2400F52043 /* Info.plist */,
			);
			path = URLImageDemoTests;
			sourceTree = "<group>";
		};
		144EE1091F37FF2400F52043 /* URLImageDemoUITests */ = {
			isa = PBXGroup;
			children = (
				144EE10A1F37FF2400F52043 /* URLImageDemoUITests.swift */,
				144EE10C1F37FF2400F52043 /* Info.plist */,
			);
			path = URLImageDemoUITests;
			sourceTree = "<group>";
		};
/* End PBXGroup section */

/* Begin PBXNativeTarget section */
		144EE0E61F37FF2400F52043 /* URLImageDemo */ = {
			isa = PBXNativeTarget;
			buildConfigurationList = 144EE10F1F37FF2400F52043 /* Build configuration list for PBXNativeTarget "URLImageDemo" */;
			buildPhases = (
				144EE0E31F37FF2400F52043 /* Sources */,
				144EE0E41F37FF2400F52043 /* Frameworks */,
				144EE0E51F37FF2400F52043 /* Resources */,
			);
			buildRules = (
			);
			dependencies = (
			);
			name = URLImageDemo;
			productName = URLImageDemo;
			productReference = 144EE0E71F37FF2400F52043 /* URLImageDemo.app */;
			productType = "com.apple.product-type.application";
		};
		144EE0FA1F37FF2400F52043 /* URLImageDemoTests */ = {
			isa = PBXNativeTarget;
			buildConfigurationList = 144EE1121F37FF2400F52043 /* Build configuration list for PBXNativeTarget "URLImageDemoTests" */;
			buildPhases = (
				144EE0F71F37FF2400F52043 /* Sources */,
				144EE0F81F37FF2400F52043 /* Frameworks */,
				144EE0F91F37FF2400F52043 /* Resources */,
			);
			buildRules = (
			);
			dependencies = (
				144EE0FD1F37FF2400F52043 /* PBXTargetDependency */,
			);
			name = URLImageDemoTests;
			productName = URLImageDemoTests;
			productReference = 144EE0FB1F37FF2400F52043 /* URLImageDemoTests.xctest */;
			productType = "com.apple.product-type.bundle.unit-test";
		};
		144EE1051F37FF2400F52043 /* URLImageDemoUITests */ = {
			isa = PBXNativeTarget;
			buildConfigurationList = 144EE1151F37FF2400F52043 /* Build configuration list for PBXNativeTarget "URLImageDemoUITests" */;
			buildPhases = (
				144EE1021F37FF2400F52043 /* Sources */,
				144EE1031F37FF2400F52043 /* Frameworks */,
				144EE1041F37FF2400F52043 /* Resources */,
			);
			buildRules = (
			);
			dependencies = (
				144EE1081F37FF2400F52043 /* PBXTargetDependency */,
			);
			name = URLImageDemoUITests;
			productName = URLImageDemoUITests;
			productReference = 144EE1061F37FF2400F52043 /* URLImageDemoUITests.xctest */;
			productType = "com.apple.product-type.bundle.ui-testing";
		};
/* End PBXNativeTarget section */

/* Begin PBXProject section */
		144EE0DF1F37FF2400F52043 /* Project object */ = {
			isa = PBXProject;
			attributes = {
				LastSwiftUpdateCheck = 0830;
				LastUpgradeCheck = 0830;
				ORGANIZATIONNAME = www.xyy.com;
				TargetAttributes = {
					144EE0E61F37FF2400F52043 = {
						CreatedOnToolsVersion = 8.3.3;
						ProvisioningStyle = Automatic;
					};
					144EE0FA1F37FF2400F52043 = {
						CreatedOnToolsVersion = 8.3.3;
						ProvisioningStyle = Automatic;
						TestTargetID = 144EE0E61F37FF2400F52043;
					};
					144EE1051F37FF2400F52043 = {
						CreatedOnToolsVersion = 8.3.3;
						ProvisioningStyle = Automatic;
						TestTargetID = 144EE0E61F37FF2400F52043;
					};
				};
			};
			buildConfigurationList = 144EE0E21F37FF2400F52043 /* Build configuration list for PBXProject "URLImageDemo" */;
			compatibilityVersion = "Xcode 3.2";
			developmentRegion = English;
			hasScannedForEncodings = 0;
			knownRegions = (
				en,
				Base,
			);
			mainGroup = 144EE0DE1F37FF2400F52043;
			productRefGroup = 144EE0E81F37FF2400F52043 /* Products */;
			projectDirPath = "";
			projectRoot = "";
			targets = (
				144EE0E61F37FF2400F52043 /* URLImageDemo */,
				144EE0FA1F37FF2400F52043 /* URLImageDemoTests */,
				144EE1051F37FF2400F52043 /* URLImageDemoUITests */,
			);
		};
/* End PBXProject section */

/* Begin PBXResourcesBuildPhase section */
		144EE0E51F37FF2400F52043 /* Resources */ = {
			isa = PBXResourcesBuildPhase;
			buildActionMask = 2147483647;
			files = (
				144EE0F51F37FF2400F52043 /* LaunchScreen.storyboard in Resources */,
				144EE0F21F37FF2400F52043 /* Assets.xcassets in Resources */,
				144EE0F01F37FF2400F52043 /* Main.storyboard in Resources */,
			);
			runOnlyForDeploymentPostprocessing = 0;
		};
		144EE0F91F37FF2400F52043 /* Resources */ = {
			isa = PBXResourcesBuildPhase;
			buildActionMask = 2147483647;
			files = (
			);
			runOnlyForDeploymentPostprocessing = 0;
		};
		144EE1041F37FF2400F52043 /* Resources */ = {
			isa = PBXResourcesBuildPhase;
			buildActionMask = 2147483647;
			files = (
			);
			runOnlyForDeploymentPostprocessing = 0;
		};
/* End PBXResourcesBuildPhase section */

/* Begin PBXSourcesBuildPhase section */
		144EE0E31F37FF2400F52043 /* Sources */ = {
			isa = PBXSourcesBuildPhase;
			buildActionMask = 2147483647;
			files = (
				144EE0ED1F37FF2400F52043 /* ViewController.swift in Sources */,
				144EE0EB1F37FF2400F52043 /* AppDelegate.swift in Sources */,
			);
			runOnlyForDeploymentPostprocessing = 0;
		};
		144EE0F71F37FF2400F52043 /* Sources */ = {
			isa = PBXSourcesBuildPhase;
			buildActionMask = 2147483647;
			files = (
				144EE1001F37FF2400F52043 /* URLImageDemoTests.swift in Sources */,
			);
			runOnlyForDeploymentPostprocessing = 0;
		};
		144EE1021F37FF2400F52043 /* Sources */ = {
			isa = PBXSourcesBuildPhase;
			buildActionMask = 2147483647;
			files = (
				144EE10B1F37FF2400F52043 /* URLImageDemoUITests.swift in Sources */,
			);
			runOnlyForDeploymentPostprocessing = 0;
		};
/* End PBXSourcesBuildPhase section */

/* Begin PBXTargetDependency section */
		144EE0FD1F37FF2400F52043 /* PBXTargetDependency */ = {
			isa = PBXTargetDependency;
			target = 144EE0E61F37FF2400F52043 /* URLImageDemo */;
			targetProxy = 144EE0FC1F37FF2400F52043 /* PBXContainerItemProxy */;
		};
		144EE1081F37FF2400F52043 /* PBXTargetDependency */ = {
			isa = PBXTargetDependency;
			target = 144EE0E61F37FF2400F52043 /* URLImageDemo */;
			targetProxy = 144EE1071F37FF2400F52043 /* PBXContainerItemProxy */;
		};
/* End PBXTargetDependency section */

/* Begin PBXVariantGroup section */
		144EE0EE1F37FF2400F52043 /* Main.storyboard */ = {
			isa = PBXVariantGroup;
			children = (
				144EE0EF1F37FF2400F52043 /* Base */,
			);
			name = Main.storyboard;
			sourceTree = "<group>";
		};
		144EE0F31F37FF2400F52043 /* LaunchScreen.storyboard */ = {
			isa = PBXVariantGroup;
			children = (
				144EE0F41F37FF2400F52043 /* Base */,
			);
			name = LaunchScreen.storyboard;
			sourceTree = "<group>";
		};
/* End PBXVariantGroup section */

/* Begin XCBuildConfiguration section */
		144EE10D1F37FF2400F52043 /* Debug */ = {
			isa = XCBuildConfiguration;
			buildSettings = {
				ALWAYS_SEARCH_USER_PATHS = NO;
				CLANG_ANALYZER_NONNULL = YES;
				CLANG_ANALYZER_NUMBER_OBJECT_CONVERSION = YES_AGGRESSIVE;
				CLANG_CXX_LANGUAGE_STANDARD = "gnu++0x";
				CLANG_CXX_LIBRARY = "libc++";
				CLANG_ENABLE_MODULES = YES;
				CLANG_ENABLE_OBJC_ARC = YES;
				CLANG_WARN_BOOL_CONVERSION = YES;
				CLANG_WARN_CONSTANT_CONVERSION = YES;
				CLANG_WARN_DIRECT_OBJC_ISA_USAGE = YES_ERROR;
				CLANG_WARN_DOCUMENTATION_COMMENTS = YES;
				CLANG_WARN_EMPTY_BODY = YES;
				CLANG_WARN_ENUM_CONVERSION = YES;
				CLANG_WARN_INFINITE_RECURSION = YES;
				CLANG_WARN_INT_CONVERSION = YES;
				CLANG_WARN_OBJC_ROOT_CLASS = YES_ERROR;
				CLANG_WARN_SUSPICIOUS_MOVE = YES;
				CLANG_WARN_UNREACHABLE_CODE = YES;
				CLANG_WARN__DUPLICATE_METHOD_MATCH = YES;
				"CODE_SIGN_IDENTITY[sdk=iphoneos*]" = "iPhone Developer";
				COPY_PHASE_STRIP = NO;
				DEBUG_INFORMATION_FORMAT = dwarf;
				ENABLE_STRICT_OBJC_MSGSEND = YES;
				ENABLE_TESTABILITY = YES;
				GCC_C_LANGUAGE_STANDARD = gnu99;
				GCC_DYNAMIC_NO_PIC = NO;
				GCC_NO_COMMON_BLOCKS = YES;
				GCC_OPTIMIZATION_LEVEL = 0;
				GCC_PREPROCESSOR_DEFINITIONS = (
					"DEBUG=1",
					"$(inherited)",
				);
				GCC_WARN_64_TO_32_BIT_CONVERSION = YES;
				GCC_WARN_ABOUT_RETURN_TYPE = YES_ERROR;
				GCC_WARN_UNDECLARED_SELECTOR = YES;
				GCC_WARN_UNINITIALIZED_AUTOS = YES_AGGRESSIVE;
				GCC_WARN_UNUSED_FUNCTION = YES;
				GCC_WARN_UNUSED_VARIABLE = YES;
				IPHONEOS_DEPLOYMENT_TARGET = 10.3;
				MTL_ENABLE_DEBUG_INFO = YES;
				ONLY_ACTIVE_ARCH = YES;
				SDKROOT = iphoneos;
				SWIFT_ACTIVE_COMPILATION_CONDITIONS = DEBUG;
				SWIFT_OPTIMIZATION_LEVEL = "-Onone";
			};
			name = Debug;
		};
		144EE10E1F37FF2400F52043 /* Release */ = {
			isa = XCBuildConfiguration;
			buildSettings = {
				ALWAYS_SEARCH_USER_PATHS = NO;
				CLANG_ANALYZER_NONNULL = YES;
				CLANG_ANALYZER_NUMBER_OBJECT_CONVERSION = YES_AGGRESSIVE;
				CLANG_CXX_LANGUAGE_STANDARD = "gnu++0x";
				CLANG_CXX_LIBRARY = "libc++";
				CLANG_ENABLE_MODULES = YES;
				CLANG_ENABLE_OBJC_ARC = YES;
				CLANG_WARN_BOOL_CONVERSION = YES;
				CLANG_WARN_CONSTANT_CONVERSION = YES;
				CLANG_WARN_DIRECT_OBJC_ISA_USAGE = YES_ERROR;
				CLANG_WARN_DOCUMENTATION_COMMENTS = YES;
				CLANG_WARN_EMPTY_BODY = YES;
				CLANG_WARN_ENUM_CONVERSION = YES;
				CLANG_WARN_INFINITE_RECURSION = YES;
				CLANG_WARN_INT_CONVERSION = YES;
				CLANG_WARN_OBJC_ROOT_CLASS = YES_ERROR;
				CLANG_WARN_SUSPICIOUS_MOVE = YES;
				CLANG_WARN_UNREACHABLE_CODE = YES;
				CLANG_WARN__DUPLICATE_METHOD_MATCH = YES;
				"CODE_SIGN_IDENTITY[sdk=iphoneos*]" = "iPhone Developer";
				COPY_PHASE_STRIP = NO;
				DEBUG_INFORMATION_FORMAT = "dwarf-with-dsym";
				ENABLE_NS_ASSERTIONS = NO;
				ENABLE_STRICT_OBJC_MSGSEND = YES;
				GCC_C_LANGUAGE_STANDARD = gnu99;
				GCC_NO_COMMON_BLOCKS = YES;
				GCC_WARN_64_TO_32_BIT_CONVERSION = YES;
				GCC_WARN_ABOUT_RETURN_TYPE = YES_ERROR;
				GCC_WARN_UNDECLARED_SELECTOR = YES;
				GCC_WARN_UNINITIALIZED_AUTOS = YES_AGGRESSIVE;
				GCC_WARN_UNUSED_FUNCTION = YES;
				GCC_WARN_UNUSED_VARIABLE = YES;
				IPHONEOS_DEPLOYMENT_TARGET = 10.3;
				MTL_ENABLE_DEBUG_INFO = NO;
				SDKROOT = iphoneos;
				SWIFT_OPTIMIZATION_LEVEL = "-Owholemodule";
				VALIDATE_PRODUCT = YES;
			};
			name = Release;
		};
		144EE1101F37FF2400F52043 /* Debug */ = {
			isa = XCBuildConfiguration;
			buildSettings = {
				ASSETCATALOG_COMPILER_APPICON_NAME = AppIcon;
				INFOPLIST_FILE = URLImageDemo/Info.plist;
				LD_RUNPATH_SEARCH_PATHS = "$(inherited) @executable_path/Frameworks";
				PRODUCT_BUNDLE_IDENTIFIER = com.xyy.URLImageDemo;
				PRODUCT_NAME = "$(TARGET_NAME)";
				SWIFT_VERSION = 3.0;
			};
			name = Debug;
		};
		144EE1111F37FF2400F52043 /* Release */ = {
			isa = XCBuildConfiguration;
			buildSettings = {
				ASSETCATALOG_COMPILER_APPICON_NAME = AppIcon;
				INFOPLIST_FILE = URLImageDemo/Info.plist;
				LD_RUNPATH_SEARCH_PATHS = "$(inherited) @executable_path/Frameworks";
				PRODUCT_BUNDLE_IDENTIFIER = com.xyy.URLImageDemo;
				PRODUCT_NAME = "$(TARGET_NAME)";
				SWIFT_VERSION = 3.0;
			};
			name = Release;
		};
		144EE1131F37FF2400F52043 /* Debug */ = {
			isa = XCBuildConfiguration;
			buildSettings = {
				ALWAYS_EMBED_SWIFT_STANDARD_LIBRARIES = YES;
				BUNDLE_LOADER = "$(TEST_HOST)";
				INFOPLIST_FILE = URLImageDemoTests/Info.plist;
				LD_RUNPATH_SEARCH_PATHS = "$(inherited) @executable_path/Frameworks @loader_path/Frameworks";
				PRODUCT_BUNDLE_IDENTIFIER = com.xyy.URLImageDemoTests;
				PRODUCT_NAME = "$(TARGET_NAME)";
				SWIFT_VERSION = 3.0;
				TEST_HOST = "$(BUILT_PRODUCTS_DIR)/URLImageDemo.app/URLImageDemo";
			};
			name = Debug;
		};
		144EE1141F37FF2400F52043 /* Release */ = {
			isa = XCBuildConfiguration;
			buildSettings = {
				ALWAYS_EMBED_SWIFT_STANDARD_LIBRARIES = YES;
				BUNDLE_LOADER = "$(TEST_HOST)";
				INFOPLIST_FILE = URLImageDemoTests/Info.plist;
				LD_RUNPATH_SEARCH_PATHS = "$(inherited) @executable_path/Frameworks @loader_path/Frameworks";
				PRODUCT_BUNDLE_IDENTIFIER = com.xyy.URLImageDemoTests;
				PRODUCT_NAME = "$(TARGET_NAME)";
				SWIFT_VERSION = 3.0;
				TEST_HOST = "$(BUILT_PRODUCTS_DIR)/URLImageDemo.app/URLImageDemo";
			};
			name = Release;
		};
		144EE1161F37FF2400F52043 /* Debug */ = {
			isa = XCBuildConfiguration;
			buildSettings = {
				ALWAYS_EMBED_SWIFT_STANDARD_LIBRARIES = YES;
				INFOPLIST_FILE = URLImageDemoUITests/Info.plist;
				LD_RUNPATH_SEARCH_PATHS = "$(inherited) @executable_path/Frameworks @loader_path/Frameworks";
				PRODUCT_BUNDLE_IDENTIFIER = com.xyy.URLImageDemoUITests;
				PRODUCT_NAME = "$(TARGET_NAME)";
				SWIFT_VERSION = 3.0;
				TEST_TARGET_NAME = URLImageDemo;
			};
			name = Debug;
		};
		144EE1171F37FF2400F52043 /* Release */ = {
			isa = XCBuildConfiguration;
			buildSettings = {
				ALWAYS_EMBED_SWIFT_STANDARD_LIBRARIES = YES;
				INFOPLIST_FILE = URLImageDemoUITests/Info.plist;
				LD_RUNPATH_SEARCH_PATHS = "$(inherited) @executable_path/Frameworks @loader_path/Frameworks";
				PRODUCT_BUNDLE_IDENTIFIER = com.xyy.URLImageDemoUITests;
				PRODUCT_NAME = "$(TARGET_NAME)";
				SWIFT_VERSION = 3.0;
				TEST_TARGET_NAME = URLImageDemo;
			};
			name = Release;
		};
/* End XCBuildConfiguration section */

/* Begin XCConfigurationList section */
		144EE0E21F37FF2400F52043 /* Build configuration list for PBXProject "URLImageDemo" */ = {
			isa = XCConfigurationList;
			buildConfigurations = (
				144EE10D1F37FF2400F52043 /* Debug */,
				144EE10E1F37FF2400F52043 /* Release */,
			);
			defaultConfigurationIsVisible = 0;
			defaultConfigurationName = Release;
		};
		144EE10F1F37FF2400F52043 /* Build configuration list for PBXNativeTarget "URLImageDemo" */ = {
			isa = XCConfigurationList;
			buildConfigurations = (
				144EE1101F37FF2400F52043 /* Debug */,
				144EE1111F37FF2400F52043 /* Release */,
			);
			defaultConfigurationIsVisible = 0;
		};
		144EE1121F37FF2400F52043 /* Build configuration list for PBXNativeTarget "URLImageDemoTests" */ = {
			isa = XCConfigurationList;
			buildConfigurations = (
				144EE1131F37FF2400F52043 /* Debug */,
				144EE1141F37FF2400F52043 /* Release */,
			);
			defaultConfigurationIsVisible = 0;
		};
		144EE1151F37FF2400F52043 /* Build configuration list for PBXNativeTarget "URLImageDemoUITests" */ = {
			isa = XCConfigurationList;
			buildConfigurations = (
				144EE1161F37FF2400F52043 /* Debug */,
				144EE1171F37FF2400F52043 /* Release */,
			);
			defaultConfigurationIsVisible = 0;
		};
/* End XCConfigurationList section */
	};
	rootObject = 144EE0DF1F37FF2400F52043 /* Project object */;
}
